// !$*UTF8*$!
{
	archiveVersion = 1;
	classes = {
	};
	objectVersion = 46;
	objects = {

/* Begin PBXBuildFile section */
		D801A0D515AC39ED007F910F /* Cocoa.framework in Frameworks */ = {isa = PBXBuildFile; fileRef = D801A0D415AC39ED007F910F /* Cocoa.framework */; };
		D801A0D715AC39F7007F910F /* Carbon.framework in Frameworks */ = {isa = PBXBuildFile; fileRef = D801A0D615AC39F7007F910F /* Carbon.framework */; };
		D87A68BB123CF9930058BA42 /* NDHotKeyControl.m in Sources */ = {isa = PBXBuildFile; fileRef = D87A68B6123CF9930058BA42 /* NDHotKeyControl.m */; };
		D87A68BC123CF9930058BA42 /* NDHotKeyEvent.m in Sources */ = {isa = PBXBuildFile; fileRef = D87A68B8123CF9930058BA42 /* NDHotKeyEvent.m */; };
		D87A68BD123CF9930058BA42 /* NDKeyboardLayout.m in Sources */ = {isa = PBXBuildFile; fileRef = D87A68BA123CF9930058BA42 /* NDKeyboardLayout.m */; };
		D8A87470123CF9C7001DFF80 /* AddController.m in Sources */ = {isa = PBXBuildFile; fileRef = D8A8746B123CF9C7001DFF80 /* AddController.m */; };
		D8A87472123CF9C7001DFF80 /* WindowController.m in Sources */ = {isa = PBXBuildFile; fileRef = D8A8746F123CF9C7001DFF80 /* WindowController.m */; };
		D8FBCF56123CF87800084E89 /* InfoPlist.strings in Resources */ = {isa = PBXBuildFile; fileRef = D8FBCF54123CF87800084E89 /* InfoPlist.strings */; };
		D8FBCF58123CF87800084E89 /* main.m in Sources */ = {isa = PBXBuildFile; fileRef = D8FBCF57123CF87800084E89 /* main.m */; };
		D8FBCF5B123CF87900084E89 /* MainMenu.xib in Resources */ = {isa = PBXBuildFile; fileRef = D8FBCF59123CF87900084E89 /* MainMenu.xib */; };
		D8FBCF5E123CF87900084E89 /* Credits.rtf in Resources */ = {isa = PBXBuildFile; fileRef = D8FBCF5C123CF87900084E89 /* Credits.rtf */; };
/* End PBXBuildFile section */

/* Begin PBXFileReference section */
		D801A0D415AC39ED007F910F /* Cocoa.framework */ = {isa = PBXFileReference; lastKnownFileType = wrapper.framework; name = Cocoa.framework; path = Platforms/MacOSX.platform/Developer/SDKs/MacOSX10.8.sdk/System/Library/Frameworks/Cocoa.framework; sourceTree = DEVELOPER_DIR; };
		D801A0D615AC39F7007F910F /* Carbon.framework */ = {isa = PBXFileReference; lastKnownFileType = wrapper.framework; name = Carbon.framework; path = Platforms/MacOSX.platform/Developer/SDKs/MacOSX10.8.sdk/System/Library/Frameworks/Carbon.framework; sourceTree = DEVELOPER_DIR; };
		D87A68B5123CF9930058BA42 /* NDHotKeyControl.h */ = {isa = PBXFileReference; fileEncoding = 4; lastKnownFileType = sourcecode.c.h; path = NDHotKeyControl.h; sourceTree = "<group>"; };
		D87A68B6123CF9930058BA42 /* NDHotKeyControl.m */ = {isa = PBXFileReference; fileEncoding = 4; lastKnownFileType = sourcecode.c.objc; path = NDHotKeyControl.m; sourceTree = "<group>"; };
		D87A68B7123CF9930058BA42 /* NDHotKeyEvent.h */ = {isa = PBXFileReference; fileEncoding = 4; lastKnownFileType = sourcecode.c.h; path = NDHotKeyEvent.h; sourceTree = "<group>"; };
		D87A68B8123CF9930058BA42 /* NDHotKeyEvent.m */ = {isa = PBXFileReference; fileEncoding = 4; lastKnownFileType = sourcecode.c.objc; path = NDHotKeyEvent.m; sourceTree = "<group>"; };
		D87A68B9123CF9930058BA42 /* NDKeyboardLayout.h */ = {isa = PBXFileReference; fileEncoding = 4; lastKnownFileType = sourcecode.c.h; path = NDKeyboardLayout.h; sourceTree = "<group>"; };
		D87A68BA123CF9930058BA42 /* NDKeyboardLayout.m */ = {isa = PBXFileReference; fileEncoding = 4; lastKnownFileType = sourcecode.c.objc; path = NDKeyboardLayout.m; sourceTree = "<group>"; };
		D8A8746A123CF9C7001DFF80 /* AddController.h */ = {isa = PBXFileReference; fileEncoding = 4; lastKnownFileType = sourcecode.c.h; path = AddController.h; sourceTree = "<group>"; };
		D8A8746B123CF9C7001DFF80 /* AddController.m */ = {isa = PBXFileReference; fileEncoding = 4; lastKnownFileType = sourcecode.c.objc; path = AddController.m; sourceTree = "<group>"; };
		D8A8746E123CF9C7001DFF80 /* WindowController.h */ = {isa = PBXFileReference; fileEncoding = 4; lastKnownFileType = sourcecode.c.h; path = WindowController.h; sourceTree = "<group>"; };
		D8A8746F123CF9C7001DFF80 /* WindowController.m */ = {isa = PBXFileReference; fileEncoding = 4; lastKnownFileType = sourcecode.c.objc; path = WindowController.m; sourceTree = "<group>"; };
		D8FBCF4D123CF87800084E89 /* NDHotKeyEvent.app */ = {isa = PBXFileReference; explicitFileType = wrapper.application; includeInIndex = 0; path = NDHotKeyEvent.app; sourceTree = BUILT_PRODUCTS_DIR; };
		D8FBCF52123CF87800084E89 /* NDHotKeyEvent-Info.plist */ = {isa = PBXFileReference; lastKnownFileType = text.plist.xml; path = "NDHotKeyEvent-Info.plist"; sourceTree = "<group>"; };
		D8FBCF53123CF87800084E89 /* NDHotKeyEvent_Prefix.pch */ = {isa = PBXFileReference; lastKnownFileType = sourcecode.c.h; path = NDHotKeyEvent_Prefix.pch; sourceTree = "<group>"; };
		D8FBCF55123CF87800084E89 /* en */ = {isa = PBXFileReference; fileEncoding = 10; lastKnownFileType = text.plist.strings; name = en; path = en.lproj/InfoPlist.strings; sourceTree = "<group>"; };
		D8FBCF57123CF87800084E89 /* main.m */ = {isa = PBXFileReference; lastKnownFileType = sourcecode.c.objc; path = main.m; sourceTree = "<group>"; };
		D8FBCF5A123CF87900084E89 /* en */ = {isa = PBXFileReference; lastKnownFileType = file.xib; name = en; path = en.lproj/MainMenu.xib; sourceTree = "<group>"; };
		D8FBCF5D123CF87900084E89 /* en */ = {isa = PBXFileReference; lastKnownFileType = text.rtf; name = en; path = en.lproj/Credits.rtf; sourceTree = "<group>"; };
/* End PBXFileReference section */

/* Begin PBXFrameworksBuildPhase section */
		D8FBCF4A123CF87800084E89 /* Frameworks */ = {
			isa = PBXFrameworksBuildPhase;
			buildActionMask = 2147483647;
			files = (
				D801A0D515AC39ED007F910F /* Cocoa.framework in Frameworks */,
				D801A0D715AC39F7007F910F /* Carbon.framework in Frameworks */,
			);
			runOnlyForDeploymentPostprocessing = 0;
		};
/* End PBXFrameworksBuildPhase section */

/* Begin PBXGroup section */
		D8A87469123CF9C7001DFF80 /* Test Classes */ = {
			isa = PBXGroup;
			children = (
				D8A8746A123CF9C7001DFF80 /* AddController.h */,
				D8A8746B123CF9C7001DFF80 /* AddController.m */,
				D8A8746E123CF9C7001DFF80 /* WindowController.h */,
				D8A8746F123CF9C7001DFF80 /* WindowController.m */,
			);
			path = "Test Classes";
			sourceTree = "<group>";
		};
		D8FBCF3E123CF87800084E89 = {
			isa = PBXGroup;
			children = (
				D8FBCF45123CF87800084E89 /* Classes */,
				D8A87469123CF9C7001DFF80 /* Test Classes */,
				D8FBCF46123CF87800084E89 /* Other Sources */,
				D8FBCF47123CF87800084E89 /* Resources */,
				D8FBCF48123CF87800084E89 /* Frameworks */,
				D8FBCF4E123CF87800084E89 /* Products */,
			);
			sourceTree = "<group>";
		};
		D8FBCF45123CF87800084E89 /* Classes */ = {
			isa = PBXGroup;
			children = (
				D87A68B5123CF9930058BA42 /* NDHotKeyControl.h */,
				D87A68B6123CF9930058BA42 /* NDHotKeyControl.m */,
				D87A68B7123CF9930058BA42 /* NDHotKeyEvent.h */,
				D87A68B8123CF9930058BA42 /* NDHotKeyEvent.m */,
				D87A68B9123CF9930058BA42 /* NDKeyboardLayout.h */,
				D87A68BA123CF9930058BA42 /* NDKeyboardLayout.m */,
			);
			path = Classes;
			sourceTree = "<group>";
		};
		D8FBCF46123CF87800084E89 /* Other Sources */ = {
			isa = PBXGroup;
			children = (
				D8FBCF53123CF87800084E89 /* NDHotKeyEvent_Prefix.pch */,
				D8FBCF57123CF87800084E89 /* main.m */,
			);
			name = "Other Sources";
			sourceTree = "<group>";
		};
		D8FBCF47123CF87800084E89 /* Resources */ = {
			isa = PBXGroup;
			children = (
				D8FBCF52123CF87800084E89 /* NDHotKeyEvent-Info.plist */,
				D8FBCF54123CF87800084E89 /* InfoPlist.strings */,
				D8FBCF59123CF87900084E89 /* MainMenu.xib */,
				D8FBCF5C123CF87900084E89 /* Credits.rtf */,
			);
			name = Resources;
			sourceTree = "<group>";
		};
		D8FBCF48123CF87800084E89 /* Frameworks */ = {
			isa = PBXGroup;
			children = (
				D801A0D415AC39ED007F910F /* Cocoa.framework */,
				D801A0D615AC39F7007F910F /* Carbon.framework */,
			);
			name = Frameworks;
			sourceTree = "<group>";
		};
		D8FBCF4E123CF87800084E89 /* Products */ = {
			isa = PBXGroup;
			children = (
				D8FBCF4D123CF87800084E89 /* NDHotKeyEvent.app */,
			);
			name = Products;
			sourceTree = "<group>";
		};
/* End PBXGroup section */

/* Begin PBXNativeTarget section */
		D8FBCF4C123CF87800084E89 /* NDHotKeyEvent */ = {
			isa = PBXNativeTarget;
			buildConfigurationList = D8FBCF64123CF87900084E89 /* Build configuration list for PBXNativeTarget "NDHotKeyEvent" */;
			buildPhases = (
				D8FBCF49123CF87800084E89 /* Sources */,
				D8FBCF4A123CF87800084E89 /* Frameworks */,
				D8FBCF4B123CF87800084E89 /* Resources */,
			);
			buildRules = (
			);
			dependencies = (
			);
			name = NDHotKeyEvent;
			productName = NDHotKeyEvent;
			productReference = D8FBCF4D123CF87800084E89 /* NDHotKeyEvent.app */;
			productType = "com.apple.product-type.application";
		};
/* End PBXNativeTarget section */

/* Begin PBXProject section */
		D8FBCF40123CF87800084E89 /* Project object */ = {
			isa = PBXProject;
			attributes = {
				LastUpgradeCheck = 0450;
			};
			buildConfigurationList = D8FBCF43123CF87800084E89 /* Build configuration list for PBXProject "NDHotKeyEvent" */;
			compatibilityVersion = "Xcode 3.2";
			developmentRegion = English;
			hasScannedForEncodings = 0;
			knownRegions = (
				en,
			);
			mainGroup = D8FBCF3E123CF87800084E89;
			productRefGroup = D8FBCF4E123CF87800084E89 /* Products */;
			projectDirPath = "";
			projectRoot = "";
			targets = (
				D8FBCF4C123CF87800084E89 /* NDHotKeyEvent */,
			);
		};
/* End PBXProject section */

/* Begin PBXResourcesBuildPhase section */
		D8FBCF4B123CF87800084E89 /* Resources */ = {
			isa = PBXResourcesBuildPhase;
			buildActionMask = 2147483647;
			files = (
				D8FBCF56123CF87800084E89 /* InfoPlist.strings in Resources */,
				D8FBCF5B123CF87900084E89 /* MainMenu.xib in Resources */,
				D8FBCF5E123CF87900084E89 /* Credits.rtf in Resources */,
			);
			runOnlyForDeploymentPostprocessing = 0;
		};
/* End PBXResourcesBuildPhase section */

/* Begin PBXSourcesBuildPhase section */
		D8FBCF49123CF87800084E89 /* Sources */ = {
			isa = PBXSourcesBuildPhase;
			buildActionMask = 2147483647;
			files = (
				D8FBCF58123CF87800084E89 /* main.m in Sources */,
				D87A68BB123CF9930058BA42 /* NDHotKeyControl.m in Sources */,
				D87A68BC123CF9930058BA42 /* NDHotKeyEvent.m in Sources */,
				D87A68BD123CF9930058BA42 /* NDKeyboardLayout.m in Sources */,
				D8A87470123CF9C7001DFF80 /* AddController.m in Sources */,
				D8A87472123CF9C7001DFF80 /* WindowController.m in Sources */,
			);
			runOnlyForDeploymentPostprocessing = 0;
		};
/* End PBXSourcesBuildPhase section */

/* Begin PBXVariantGroup section */
		D8FBCF54123CF87800084E89 /* InfoPlist.strings */ = {
			isa = PBXVariantGroup;
			children = (
				D8FBCF55123CF87800084E89 /* en */,
			);
			name = InfoPlist.strings;
			sourceTree = "<group>";
		};
		D8FBCF59123CF87900084E89 /* MainMenu.xib */ = {
			isa = PBXVariantGroup;
			children = (
				D8FBCF5A123CF87900084E89 /* en */,
			);
			name = MainMenu.xib;
			sourceTree = "<group>";
		};
		D8FBCF5C123CF87900084E89 /* Credits.rtf */ = {
			isa = PBXVariantGroup;
			children = (
				D8FBCF5D123CF87900084E89 /* en */,
			);
			name = Credits.rtf;
			sourceTree = "<group>";
		};
/* End PBXVariantGroup section */

/* Begin XCBuildConfiguration section */
		D8FBCF62123CF87900084E89 /* Debug */ = {
			isa = XCBuildConfiguration;
			buildSettings = {
				ARCHS = "$(ARCHS_STANDARD_32_64_BIT)";
				COMBINE_HIDPI_IMAGES = YES;
				GCC_C_LANGUAGE_STANDARD = gnu99;
				GCC_OPTIMIZATION_LEVEL = 0;
				GCC_PREPROCESSOR_DEFINITIONS = DEBUG;
				GCC_VERSION = com.apple.compilers.llvm.clang.1_0;
				GCC_WARN_ABOUT_RETURN_TYPE = YES;
				GCC_WARN_UNUSED_VARIABLE = YES;
				MACOSX_DEPLOYMENT_TARGET = 10.6;
				ONLY_ACTIVE_ARCH = YES;
				SDKROOT = macosx;
			};
			name = Debug;
		};
		D8FBCF63123CF87900084E89 /* Release */ = {
			isa = XCBuildConfiguration;
			buildSettings = {
				ARCHS = "$(ARCHS_STANDARD_32_64_BIT)";
				COMBINE_HIDPI_IMAGES = YES;
				GCC_C_LANGUAGE_STANDARD = gnu99;
				GCC_VERSION = com.apple.compilers.llvm.clang.1_0;
				GCC_WARN_ABOUT_RETURN_TYPE = YES;
				GCC_WARN_UNUSED_VARIABLE = YES;
				MACOSX_DEPLOYMENT_TARGET = 10.6;
				SDKROOT = macosx;
			};
			name = Release;
		};
		D8FBCF65123CF87900084E89 /* Debug */ = {
			isa = XCBuildConfiguration;
			buildSettings = {
				ALWAYS_SEARCH_USER_PATHS = NO;
				COPY_PHASE_STRIP = NO;
				FRAMEWORK_SEARCH_PATHS = (
					"$(inherited)",
					"\"$(SYSTEM_APPS_DIR)/Xcode45-DP1.app/Contents/Developer/Platforms/MacOSX.platform/Developer/SDKs/MacOSX10.8.sdk/System/Library/Frameworks\"",
				);
				GCC_DYNAMIC_NO_PIC = NO;
				GCC_ENABLE_OBJC_EXCEPTIONS = YES;
				GCC_MODEL_TUNING = G5;
				GCC_PRECOMPILE_PREFIX_HEADER = YES;
				GCC_PREFIX_HEADER = NDHotKeyEvent_Prefix.pch;
				INFOPLIST_FILE = "NDHotKeyEvent-Info.plist";
				INSTALL_PATH = "$(HOME)/Applications";
				PRODUCT_NAME = NDHotKeyEvent;
				WRAPPER_EXTENSION = app;
			};
			name = Debug;
		};
		D8FBCF66123CF87900084E89 /* Release */ = {
			isa = XCBuildConfiguration;
			buildSettings = {
				ALWAYS_SEARCH_USER_PATHS = NO;
				COPY_PHASE_STRIP = YES;
				DEBUG_INFORMATION_FORMAT = "dwarf-with-dsym";
				FRAMEWORK_SEARCH_PATHS = (
					"$(inherited)",
					"\"$(SYSTEM_APPS_DIR)/Xcode45-DP1.app/Contents/Developer/Platforms/MacOSX.platform/Developer/SDKs/MacOSX10.8.sdk/System/Library/Frameworks\"",
				);
				GCC_ENABLE_OBJC_EXCEPTIONS = YES;
				GCC_MODEL_TUNING = G5;
				GCC_PRECOMPILE_PREFIX_HEADER = YES;
				GCC_PREFIX_HEADER = NDHotKeyEvent_Prefix.pch;
				INFOPLIST_FILE = "NDHotKeyEvent-Info.plist";
				INSTALL_PATH = "$(HOME)/Applications";
				PRODUCT_NAME = NDHotKeyEvent;
				WRAPPER_EXTENSION = app;
			};
			name = Release;
		};
/* End XCBuildConfiguration section */

/* Begin XCConfigurationList section */
		D8FBCF43123CF87800084E89 /* Build configuration list for PBXProject "NDHotKeyEvent" */ = {
			isa = XCConfigurationList;
			buildConfigurations = (
				D8FBCF62123CF87900084E89 /* Debug */,
				D8FBCF63123CF87900084E89 /* Release */,
			);
			defaultConfigurationIsVisible = 0;
			defaultConfigurationName = Release;
		};
		D8FBCF64123CF87900084E89 /* Build configuration list for PBXNativeTarget "NDHotKeyEvent" */ = {
			isa = XCConfigurationList;
			buildConfigurations = (
				D8FBCF65123CF87900084E89 /* Debug */,
				D8FBCF66123CF87900084E89 /* Release */,
			);
			defaultConfigurationIsVisible = 0;
			defaultConfigurationName = Release;
		};
/* End XCConfigurationList section */
	};
	rootObject = D8FBCF40123CF87800084E89 /* Project object */;
}
